
Microsoft Visual Studio Solution File, Format Version 12.00
# Visual Studio Version 17
VisualStudioVersion = 17.2.32602.215
MinimumVisualStudioVersion = 10.0.40219.1
Project("{FAE04EC0-301F-11D3-BF4B-00C04F79EFBC}") = "MojaApkaMobilna.Android", "MojaApkaMobilna\MojaApkaMobilna.Android\MojaApkaMobilna.Android.csproj", "{752CA34E-1B1B-4FD9-8C25-35D6BABD796B}"
EndProject
Project("{FAE04EC0-301F-11D3-BF4B-00C04F79EFBC}") = "MojaApkaMobilna.iOS", "MojaApkaMobilna\MojaApkaMobilna.iOS\MojaApkaMobilna.iOS.csproj", "{998E728F-A85F-4A52-B5CA-58BA1018C330}"
EndProject
Project("{FAE04EC0-301F-11D3-BF4B-00C04F79EFBC}") = "MojaApkaMobilna", "MojaApkaMobilna\MojaApkaMobilna\MojaApkaMobilna.csproj", "{04850CC7-92A9-4351-8800-A049BEEDCE79}"
EndProject
Global
	GlobalSection(SolutionConfigurationPlatforms) = preSolution
		Debug|Any CPU = Debug|Any CPU
		Debug|iPhone = Debug|iPhone
		Debug|iPhoneSimulator = Debug|iPhoneSimulator
		Release|Any CPU = Release|Any CPU
		Release|iPhone = Release|iPhone
		Release|iPhoneSimulator = Release|iPhoneSimulator
	EndGlobalSection
	GlobalSection(ProjectConfigurationPlatforms) = postSolution
		{752CA34E-1B1B-4FD9-8C25-35D6BABD796B}.Debug|Any CPU.ActiveCfg = Debug|Any CPU
		{752CA34E-1B1B-4FD9-8C25-35D6BABD796B}.Debug|Any CPU.Build.0 = Debug|Any CPU
		{752CA34E-1B1B-4FD9-8C25-35D6BABD796B}.Debug|Any CPU.Deploy.0 = Debug|Any CPU
		{752CA34E-1B1B-4FD9-8C25-35D6BABD796B}.Debug|iPhone.ActiveCfg = Debug|Any CPU
		{752CA34E-1B1B-4FD9-8C25-35D6BABD796B}.Debug|iPhone.Build.0 = Debug|Any CPU
		{752CA34E-1B1B-4FD9-8C25-35D6BABD796B}.Debug|iPhone.Deploy.0 = Debug|Any CPU
		{752CA34E-1B1B-4FD9-8C25-35D6BABD796B}.Debug|iPhoneSimulator.ActiveCfg = Debug|Any CPU
		{752CA34E-1B1B-4FD9-8C25-35D6BABD796B}.Debug|iPhoneSimulator.Build.0 = Debug|Any CPU
		{752CA34E-1B1B-4FD9-8C25-35D6BABD796B}.Debug|iPhoneSimulator.Deploy.0 = Debug|Any CPU
		{752CA34E-1B1B-4FD9-8C25-35D6BABD796B}.Release|Any CPU.ActiveCfg = Release|Any CPU
		{752CA34E-1B1B-4FD9-8C25-35D6BABD796B}.Release|Any CPU.Build.0 = Release|Any CPU
		{752CA34E-1B1B-4FD9-8C25-35D6BABD796B}.Release|Any CPU.Deploy.0 = Release|Any CPU
		{752CA34E-1B1B-4FD9-8C25-35D6BABD796B}.Release|iPhone.ActiveCfg = Release|Any CPU
		{752CA34E-1B1B-4FD9-8C25-35D6BABD796B}.Release|iPhone.Build.0 = Release|Any CPU
		{752CA34E-1B1B-4FD9-8C25-35D6BABD796B}.Release|iPhone.Deploy.0 = Release|Any CPU
		{752CA34E-1B1B-4FD9-8C25-35D6BABD796B}.Release|iPhoneSimulator.ActiveCfg = Release|Any CPU
		{752CA34E-1B1B-4FD9-8C25-35D6BABD796B}.Release|iPhoneSimulator.Build.0 = Release|Any CPU
		{752CA34E-1B1B-4FD9-8C25-35D6BABD796B}.Release|iPhoneSimulator.Deploy.0 = Release|Any CPU
		{998E728F-A85F-4A52-B5CA-58BA1018C330}.Debug|Any CPU.ActiveCfg = Debug|iPhone
		{998E728F-A85F-4A52-B5CA-58BA1018C330}.Debug|Any CPU.Build.0 = Debug|iPhone
		{998E728F-A85F-4A52-B5CA-58BA1018C330}.Debug|Any CPU.Deploy.0 = Debug|iPhone
		{998E728F-A85F-4A52-B5CA-58BA1018C330}.Debug|iPhone.ActiveCfg = Debug|iPhone
		{998E728F-A85F-4A52-B5CA-58BA1018C330}.Debug|iPhone.Build.0 = Debug|iPhone
		{998E728F-A85F-4A52-B5CA-58BA1018C330}.Debug|iPhone.Deploy.0 = Debug|iPhone
		{998E728F-A85F-4A52-B5CA-58BA1018C330}.Debug|iPhoneSimulator.ActiveCfg = Debug|iPhoneSimulator
		{998E728F-A85F-4A52-B5CA-58BA1018C330}.Debug|iPhoneSimulator.Build.0 = Debug|iPhoneSimulator
		{998E728F-A85F-4A52-B5CA-58BA1018C330}.Debug|iPhoneSimulator.Deploy.0 = Debug|iPhoneSimulator
		{998E728F-A85F-4A52-B5CA-58BA1018C330}.Release|Any CPU.ActiveCfg = Release|iPhoneSimulator
		{998E728F-A85F-4A52-B5CA-58BA1018C330}.Release|Any CPU.Build.0 = Release|iPhoneSimulator
		{998E728F-A85F-4A52-B5CA-58BA1018C330}.Release|Any CPU.Deploy.0 = Release|iPhoneSimulator
		{998E728F-A85F-4A52-B5CA-58BA1018C330}.Release|iPhone.ActiveCfg = Release|iPhone
		{998E728F-A85F-4A52-B5CA-58BA1018C330}.Release|iPhone.Build.0 = Release|iPhone
		{998E728F-A85F-4A52-B5CA-58BA1018C330}.Release|iPhone.Deploy.0 = Release|iPhone
		{998E728F-A85F-4A52-B5CA-58BA1018C330}.Release|iPhoneSimulator.ActiveCfg = Release|iPhoneSimulator
		{998E728F-A85F-4A52-B5CA-58BA1018C330}.Release|iPhoneSimulator.Build.0 = Release|iPhoneSimulator
		{998E728F-A85F-4A52-B5CA-58BA1018C330}.Release|iPhoneSimulator.Deploy.0 = Release|iPhoneSimulator
		{04850CC7-92A9-4351-8800-A049BEEDCE79}.Debug|Any CPU.ActiveCfg = Debug|Any CPU
		{04850CC7-92A9-4351-8800-A049BEEDCE79}.Debug|Any CPU.Build.0 = Debug|Any CPU
		{04850CC7-92A9-4351-8800-A049BEEDCE79}.Debug|Any CPU.Deploy.0 = Debug|Any CPU
		{04850CC7-92A9-4351-8800-A049BEEDCE79}.Debug|iPhone.ActiveCfg = Debug|Any CPU
		{04850CC7-92A9-4351-8800-A049BEEDCE79}.Debug|iPhone.Build.0 = Debug|Any CPU
		{04850CC7-92A9-4351-8800-A049BEEDCE79}.Debug|iPhone.Deploy.0 = Debug|Any CPU
		{04850CC7-92A9-4351-8800-A049BEEDCE79}.Debug|iPhoneSimulator.ActiveCfg = Debug|Any CPU
		{04850CC7-92A9-4351-8800-A049BEEDCE79}.Debug|iPhoneSimulator.Build.0 = Debug|Any CPU
		{04850CC7-92A9-4351-8800-A049BEEDCE79}.Debug|iPhoneSimulator.Deploy.0 = Debug|Any CPU
		{04850CC7-92A9-4351-8800-A049BEEDCE79}.Release|Any CPU.ActiveCfg = Release|Any CPU
		{04850CC7-92A9-4351-8800-A049BEEDCE79}.Release|Any CPU.Build.0 = Release|Any CPU
		{04850CC7-92A9-4351-8800-A049BEEDCE79}.Release|Any CPU.Deploy.0 = Release|Any CPU
		{04850CC7-92A9-4351-8800-A049BEEDCE79}.Release|iPhone.ActiveCfg = Release|Any CPU
		{04850CC7-92A9-4351-8800-A049BEEDCE79}.Release|iPhone.Build.0 = Release|Any CPU
		{04850CC7-92A9-4351-8800-A049BEEDCE79}.Release|iPhone.Deploy.0 = Release|Any CPU
		{04850CC7-92A9-4351-8800-A049BEEDCE79}.Release|iPhoneSimulator.ActiveCfg = Release|Any CPU
		{04850CC7-92A9-4351-8800-A049BEEDCE79}.Release|iPhoneSimulator.Build.0 = Release|Any CPU
		{04850CC7-92A9-4351-8800-A049BEEDCE79}.Release|iPhoneSimulator.Deploy.0 = Release|Any CPU
	EndGlobalSection
	GlobalSection(SolutionProperties) = preSolution
		HideSolutionNode = FALSE
	EndGlobalSection
	GlobalSection(ExtensibilityGlobals) = postSolution
		SolutionGuid = {D94905AC-CF0A-4F23-9A9D-AAA8400E0A7F}
	EndGlobalSection
EndGlobal
